
Microsoft Visual Studio Solution File, Format Version 12.00
# Visual Studio Version 17
VisualStudioVersion = 17.0.31903.59
MinimumVisualStudioVersion = 10.0.40219.1
Project("{2150E333-8FDC-42A3-9474-1A3956D46DE8}") = "src", "src", "{F0265230-4219-46CB-8FCC-A946BC6447CA}"
EndProject
Project("{FAE04EC0-301F-11D3-BF4B-00C04F79EFBC}") = "Nebula.Caching.Common", "src\Nebula.Caching.Common\Nebula.Caching.Common.csproj", "{DDB9C8EA-96AA-4EAE-AF56-7B4897CA4EE7}"
EndProject
Project("{FAE04EC0-301F-11D3-BF4B-00C04F79EFBC}") = "Nebula.Caching.Redis", "src\Nebula.Caching.Redis\Nebula.Caching.Redis.csproj", "{847F1E55-A4CF-4633-A322-9B08DADE7B30}"
EndProject
Global
	GlobalSection(SolutionConfigurationPlatforms) = preSolution
		Debug|Any CPU = Debug|Any CPU
		Release|Any CPU = Release|Any CPU
	EndGlobalSection
	GlobalSection(SolutionProperties) = preSolution
		HideSolutionNode = FALSE
	EndGlobalSection
	GlobalSection(ProjectConfigurationPlatforms) = postSolution
		{DDB9C8EA-96AA-4EAE-AF56-7B4897CA4EE7}.Debug|Any CPU.ActiveCfg = Debug|Any CPU
		{DDB9C8EA-96AA-4EAE-AF56-7B4897CA4EE7}.Debug|Any CPU.Build.0 = Debug|Any CPU
		{DDB9C8EA-96AA-4EAE-AF56-7B4897CA4EE7}.Release|Any CPU.ActiveCfg = Release|Any CPU
		{DDB9C8EA-96AA-4EAE-AF56-7B4897CA4EE7}.Release|Any CPU.Build.0 = Release|Any CPU
		{847F1E55-A4CF-4633-A322-9B08DADE7B30}.Debug|Any CPU.ActiveCfg = Debug|Any CPU
		{847F1E55-A4CF-4633-A322-9B08DADE7B30}.Debug|Any CPU.Build.0 = Debug|Any CPU
		{847F1E55-A4CF-4633-A322-9B08DADE7B30}.Release|Any CPU.ActiveCfg = Release|Any CPU
		{847F1E55-A4CF-4633-A322-9B08DADE7B30}.Release|Any CPU.Build.0 = Release|Any CPU
	EndGlobalSection
	GlobalSection(NestedProjects) = preSolution
		{DDB9C8EA-96AA-4EAE-AF56-7B4897CA4EE7} = {F0265230-4219-46CB-8FCC-A946BC6447CA}
		{847F1E55-A4CF-4633-A322-9B08DADE7B30} = {F0265230-4219-46CB-8FCC-A946BC6447CA}
	EndGlobalSection
EndGlobal
