
Microsoft Visual Studio Solution File, Format Version 12.00
Project("{FAE04EC0-301F-11D3-BF4B-00C04F79EFBC}") = "Nebula.Caching.MemcachedSample", "Nebula.Caching.MemcachedSample\Nebula.Caching.MemcachedSample.csproj", "{2A8CC86B-2D17-4890-AFD2-BC67ACECF6CB}"
EndProject
Global
	GlobalSection(SolutionConfigurationPlatforms) = preSolution
		Debug|Any CPU = Debug|Any CPU
		Release|Any CPU = Release|Any CPU
	EndGlobalSection
	GlobalSection(ProjectConfigurationPlatforms) = postSolution
		{2A8CC86B-2D17-4890-AFD2-BC67ACECF6CB}.Debug|Any CPU.ActiveCfg = Debug|Any CPU
		{2A8CC86B-2D17-4890-AFD2-BC67ACECF6CB}.Debug|Any CPU.Build.0 = Debug|Any CPU
		{2A8CC86B-2D17-4890-AFD2-BC67ACECF6CB}.Release|Any CPU.ActiveCfg = Release|Any CPU
		{2A8CC86B-2D17-4890-AFD2-BC67ACECF6CB}.Release|Any CPU.Build.0 = Release|Any CPU
	EndGlobalSection
EndGlobal
